dependencies:
  espressif/esp_jpeg:
    dependencies: []
    source:
      path: D:\AIxiaozhi\MQTT\esp32-cam\camera_test\esp32cam_firmware\components\espressif__esp_jpeg
      type: local
    version: 1.3.1
  espressif/mdns:
    component_hash: e81ca7a7f53ea34e78274df054da692c272e1315572876b237b1748e267c013b
    dependencies:
    - name: idf
      require: private
      version: '>=5.0'
    source:
      registry_url: https://components.espressif.com/
      type: service
    version: 1.11.3
  idf:
    source:
      type: idf
    version: 5.5.0
direct_dependencies:
- espressif/esp_jpeg
- espressif/mdns
- idf
manifest_hash: 52304f96f0aba24dbf292ca1f2b2d751416c56e1205b891510aa166751744b31
target: esp32
version: 2.0.0
