dependencies:
  espressif/esp_jpeg:
    dependencies: []
    source:
      path: D:\AIxiaozhi\MQTT\esp32-cam\camera_test\esp32cam_firmware\components\espressif__esp_jpeg
      type: local
    version: 1.3.1
  idf:
    source:
      type: idf
    version: 5.5.0
direct_dependencies:
- espressif/esp_jpeg
- idf
manifest_hash: b607d1734bb7c12d4b4387336e69e22a78fb555acd2b8e119011d61c1b6af22f
target: esp32
version: 2.0.0
